
Microsoft Visual Studio Solution File, Format Version 12.00
# Visual Studio 15
VisualStudioVersion = 15.0.28307.852
MinimumVisualStudioVersion = 10.0.40219.1
Project("{FAE04EC0-301F-11D3-BF4B-00C04F79EFBC}") = "IPTableBuilder", "IPTableBuilder\IPTableBuilder.csproj", "{BFBF38C7-987E-4F15-A9C7-7F1F45D6B5C2}"
EndProject
Global
	GlobalSection(SolutionConfigurationPlatforms) = preSolution
		Debug|Any CPU = Debug|Any CPU
		Release|Any CPU = Release|Any CPU
	EndGlobalSection
	GlobalSection(ProjectConfigurationPlatforms) = postSolution
		{BFBF38C7-987E-4F15-A9C7-7F1F45D6B5C2}.Debug|Any CPU.ActiveCfg = Debug|Any CPU
		{BFBF38C7-987E-4F15-A9C7-7F1F45D6B5C2}.Debug|Any CPU.Build.0 = Debug|Any CPU
		{BFBF38C7-987E-4F15-A9C7-7F1F45D6B5C2}.Release|Any CPU.ActiveCfg = Release|Any CPU
		{BFBF38C7-987E-4F15-A9C7-7F1F45D6B5C2}.Release|Any CPU.Build.0 = Release|Any CPU
	EndGlobalSection
	GlobalSection(SolutionProperties) = preSolution
		HideSolutionNode = FALSE
	EndGlobalSection
	GlobalSection(ExtensibilityGlobals) = postSolution
		SolutionGuid = {AA689B47-AB37-460C-84E7-804DC6BCD666}
	EndGlobalSection
EndGlobal
